
Microsoft Visual Studio Solution File, Format Version 12.00
# Visual Studio Version 16
VisualStudioVersion = 16.0.32106.194
MinimumVisualStudioVersion = 10.0.40219.1
Project("{FAE04EC0-301F-11D3-BF4B-00C04F79EFBC}") = "Crud1", "Crud1.csproj", "{D6F0BB67-A1A7-428E-9415-CE8C0EFFFCCF}"
EndProject
Global
	GlobalSection(SolutionConfigurationPlatforms) = preSolution
		Debug|Any CPU = Debug|Any CPU
		Release|Any CPU = Release|Any CPU
	EndGlobalSection
	GlobalSection(ProjectConfigurationPlatforms) = postSolution
		{D6F0BB67-A1A7-428E-9415-CE8C0EFFFCCF}.Debug|Any CPU.ActiveCfg = Debug|Any CPU
		{D6F0BB67-A1A7-428E-9415-CE8C0EFFFCCF}.Debug|Any CPU.Build.0 = Debug|Any CPU
		{D6F0BB67-A1A7-428E-9415-CE8C0EFFFCCF}.Release|Any CPU.ActiveCfg = Release|Any CPU
		{D6F0BB67-A1A7-428E-9415-CE8C0EFFFCCF}.Release|Any CPU.Build.0 = Release|Any CPU
	EndGlobalSection
	GlobalSection(SolutionProperties) = preSolution
		HideSolutionNode = FALSE
	EndGlobalSection
	GlobalSection(ExtensibilityGlobals) = postSolution
		SolutionGuid = {E3C18FE7-52F7-4DB7-B576-DB66412CA752}
	EndGlobalSection
EndGlobal
